
Microsoft Visual Studio Solution File, Format Version 12.00
# Visual Studio Version 17
VisualStudioVersion = 17.1.32328.378
MinimumVisualStudioVersion = 10.0.40219.1
Project("{FAE04EC0-301F-11D3-BF4B-00C04F79EFBC}") = "demo", "demo.csproj", "{2A325E4F-0947-483B-962D-D45054D63E60}"
EndProject
Global
	GlobalSection(SolutionConfigurationPlatforms) = preSolution
		Debug|Any CPU = Debug|Any CPU
		Release|Any CPU = Release|Any CPU
	EndGlobalSection
	GlobalSection(ProjectConfigurationPlatforms) = postSolution
		{2A325E4F-0947-483B-962D-D45054D63E60}.Debug|Any CPU.ActiveCfg = Debug|Any CPU
		{2A325E4F-0947-483B-962D-D45054D63E60}.Debug|Any CPU.Build.0 = Debug|Any CPU
		{2A325E4F-0947-483B-962D-D45054D63E60}.Release|Any CPU.ActiveCfg = Release|Any CPU
		{2A325E4F-0947-483B-962D-D45054D63E60}.Release|Any CPU.Build.0 = Release|Any CPU
	EndGlobalSection
	GlobalSection(SolutionProperties) = preSolution
		HideSolutionNode = FALSE
	EndGlobalSection
	GlobalSection(ExtensibilityGlobals) = postSolution
		SolutionGuid = {9BB41F06-3605-4D53-B605-2F8CD8626CF1}
	EndGlobalSection
EndGlobal
