
Microsoft Visual Studio Solution File, Format Version 12.00
# Visual Studio Version 17
VisualStudioVersion = 17.1.32328.378
MinimumVisualStudioVersion = 10.0.40219.1
Project("{FAE04EC0-301F-11D3-BF4B-00C04F79EFBC}") = "PrimeNo", "PrimeNo.csproj", "{AD14705B-7D57-401E-8A74-DDE42414EF91}"
EndProject
Global
	GlobalSection(SolutionConfigurationPlatforms) = preSolution
		Debug|Any CPU = Debug|Any CPU
		Release|Any CPU = Release|Any CPU
	EndGlobalSection
	GlobalSection(ProjectConfigurationPlatforms) = postSolution
		{AD14705B-7D57-401E-8A74-DDE42414EF91}.Debug|Any CPU.ActiveCfg = Debug|Any CPU
		{AD14705B-7D57-401E-8A74-DDE42414EF91}.Debug|Any CPU.Build.0 = Debug|Any CPU
		{AD14705B-7D57-401E-8A74-DDE42414EF91}.Release|Any CPU.ActiveCfg = Release|Any CPU
		{AD14705B-7D57-401E-8A74-DDE42414EF91}.Release|Any CPU.Build.0 = Release|Any CPU
	EndGlobalSection
	GlobalSection(SolutionProperties) = preSolution
		HideSolutionNode = FALSE
	EndGlobalSection
	GlobalSection(ExtensibilityGlobals) = postSolution
		SolutionGuid = {86E6A946-CC4A-4C3F-8369-59563FC051BC}
	EndGlobalSection
EndGlobal
